// !$*UTF8*$!
{
	archiveVersion = 1;
	classes = {
	};
	objectVersion = 56;
	objects = {

/* Begin PBXBuildFile section */
		3F36AD672954E0F400E7BDEE /* AppDelegate.swift in Sources */ = {isa = PBXBuildFile; fileRef = 3F36AD662954E0F400E7BDEE /* AppDelegate.swift */; };
		3F36AD692954E0F400E7BDEE /* GameScene.sks in Resources */ = {isa = PBXBuildFile; fileRef = 3F36AD682954E0F400E7BDEE /* GameScene.sks */; };
		3F36AD6B2954E0F400E7BDEE /* Actions.sks in Resources */ = {isa = PBXBuildFile; fileRef = 3F36AD6A2954E0F400E7BDEE /* Actions.sks */; };
		3F36AD6D2954E0F400E7BDEE /* GameScene.swift in Sources */ = {isa = PBXBuildFile; fileRef = 3F36AD6C2954E0F400E7BDEE /* GameScene.swift */; };
		3F36AD6F2954E0F400E7BDEE /* GameViewController.swift in Sources */ = {isa = PBXBuildFile; fileRef = 3F36AD6E2954E0F400E7BDEE /* GameViewController.swift */; };
		3F36AD722954E0F400E7BDEE /* Main.storyboard in Resources */ = {isa = PBXBuildFile; fileRef = 3F36AD702954E0F400E7BDEE /* Main.storyboard */; };
		3F36AD742954E0F500E7BDEE /* Assets.xcassets in Resources */ = {isa = PBXBuildFile; fileRef = 3F36AD732954E0F500E7BDEE /* Assets.xcassets */; };
		3F36AD772954E0F500E7BDEE /* LaunchScreen.storyboard in Resources */ = {isa = PBXBuildFile; fileRef = 3F36AD752954E0F500E7BDEE /* LaunchScreen.storyboard */; };
		3F8CDBBF2956171600C8EA18 /* hit.wav in Resources */ = {isa = PBXBuildFile; fileRef = 3F8CDBBE2956171600C8EA18 /* hit.wav */; };
		3F8CDBC12956172200C8EA18 /* point.wav in Resources */ = {isa = PBXBuildFile; fileRef = 3F8CDBC02956172200C8EA18 /* point.wav */; };
		3F8CDBC52956172B00C8EA18 /* wing.wav in Resources */ = {isa = PBXBuildFile; fileRef = 3F8CDBC42956172B00C8EA18 /* wing.wav */; };
		3F8CDBC92956226C00C8EA18 /* GameOverScene.swift in Sources */ = {isa = PBXBuildFile; fileRef = 3F8CDBC82956226C00C8EA18 /* GameOverScene.swift */; };
/* End PBXBuildFile section */

/* Begin PBXFileReference section */
		3F36AD632954E0F400E7BDEE /* FlappyBird.app */ = {isa = PBXFileReference; explicitFileType = wrapper.application; includeInIndex = 0; path = FlappyBird.app; sourceTree = BUILT_PRODUCTS_DIR; };
		3F36AD662954E0F400E7BDEE /* AppDelegate.swift */ = {isa = PBXFileReference; lastKnownFileType = sourcecode.swift; path = AppDelegate.swift; sourceTree = "<group>"; };
		3F36AD682954E0F400E7BDEE /* GameScene.sks */ = {isa = PBXFileReference; lastKnownFileType = file.sks; path = GameScene.sks; sourceTree = "<group>"; };
		3F36AD6A2954E0F400E7BDEE /* Actions.sks */ = {isa = PBXFileReference; lastKnownFileType = file.sks; path = Actions.sks; sourceTree = "<group>"; };
		3F36AD6C2954E0F400E7BDEE /* GameScene.swift */ = {isa = PBXFileReference; lastKnownFileType = sourcecode.swift; path = GameScene.swift; sourceTree = "<group>"; wrapsLines = 0; };
		3F36AD6E2954E0F400E7BDEE /* GameViewController.swift */ = {isa = PBXFileReference; lastKnownFileType = sourcecode.swift; path = GameViewController.swift; sourceTree = "<group>"; };
		3F36AD712954E0F400E7BDEE /* Base */ = {isa = PBXFileReference; lastKnownFileType = file.storyboard; name = Base; path = Base.lproj/Main.storyboard; sourceTree = "<group>"; };
		3F36AD732954E0F500E7BDEE /* Assets.xcassets */ = {isa = PBXFileReference; lastKnownFileType = folder.assetcatalog; path = Assets.xcassets; sourceTree = "<group>"; };
		3F36AD762954E0F500E7BDEE /* Base */ = {isa = PBXFileReference; lastKnownFileType = file.storyboard; name = Base; path = Base.lproj/LaunchScreen.storyboard; sourceTree = "<group>"; };
		3F8CDBBE2956171600C8EA18 /* hit.wav */ = {isa = PBXFileReference; lastKnownFileType = audio.wav; path = hit.wav; sourceTree = "<group>"; };
		3F8CDBC02956172200C8EA18 /* point.wav */ = {isa = PBXFileReference; lastKnownFileType = audio.wav; path = point.wav; sourceTree = "<group>"; };
		3F8CDBC42956172B00C8EA18 /* wing.wav */ = {isa = PBXFileReference; lastKnownFileType = audio.wav; path = wing.wav; sourceTree = "<group>"; };
		3F8CDBC82956226C00C8EA18 /* GameOverScene.swift */ = {isa = PBXFileReference; lastKnownFileType = sourcecode.swift; path = GameOverScene.swift; sourceTree = "<group>"; };
/* End PBXFileReference section */

/* Begin PBXFrameworksBuildPhase section */
		3F36AD602954E0F400E7BDEE /* Frameworks */ = {
			isa = PBXFrameworksBuildPhase;
			buildActionMask = 2147483647;
			files = (
			);
			runOnlyForDeploymentPostprocessing = 0;
		};
/* End PBXFrameworksBuildPhase section */

/* Begin PBXGroup section */
		3F36AD5A2954E0F400E7BDEE = {
			isa = PBXGroup;
			children = (
				3F36AD652954E0F400E7BDEE /* FlappyBird */,
				3F36AD642954E0F400E7BDEE /* Products */,
			);
			sourceTree = "<group>";
		};
		3F36AD642954E0F400E7BDEE /* Products */ = {
			isa = PBXGroup;
			children = (
				3F36AD632954E0F400E7BDEE /* FlappyBird.app */,
			);
			name = Products;
			sourceTree = "<group>";
		};
		3F36AD652954E0F400E7BDEE /* FlappyBird */ = {
			isa = PBXGroup;
			children = (
				3F8CDBCA29562B2B00C8EA18 /* Resources */,
				3F8CDBBB2956170400C8EA18 /* Sounds */,
				3F36AD682954E0F400E7BDEE /* GameScene.sks */,
				3F36AD6A2954E0F400E7BDEE /* Actions.sks */,
				3F36AD6C2954E0F400E7BDEE /* GameScene.swift */,
				3F8CDBC82956226C00C8EA18 /* GameOverScene.swift */,
				3F36AD6E2954E0F400E7BDEE /* GameViewController.swift */,
			);
			path = FlappyBird;
			sourceTree = "<group>";
		};
		3F8CDBBB2956170400C8EA18 /* Sounds */ = {
			isa = PBXGroup;
			children = (
				3F8CDBBE2956171600C8EA18 /* hit.wav */,
				3F8CDBC02956172200C8EA18 /* point.wav */,
				3F8CDBC42956172B00C8EA18 /* wing.wav */,
			);
			path = Sounds;
			sourceTree = "<group>";
		};
		3F8CDBCA29562B2B00C8EA18 /* Resources */ = {
			isa = PBXGroup;
			children = (
				3F36AD662954E0F400E7BDEE /* AppDelegate.swift */,
				3F36AD732954E0F500E7BDEE /* Assets.xcassets */,
				3F36AD702954E0F400E7BDEE /* Main.storyboard */,
				3F36AD752954E0F500E7BDEE /* LaunchScreen.storyboard */,
			);
			path = Resources;
			sourceTree = "<group>";
		};
/* End PBXGroup section */

/* Begin PBXNativeTarget section */
		3F36AD622954E0F400E7BDEE /* FlappyBird */ = {
			isa = PBXNativeTarget;
			buildConfigurationList = 3F36AD7A2954E0F500E7BDEE /* Build configuration list for PBXNativeTarget "FlappyBird" */;
			buildPhases = (
				3F36AD5F2954E0F400E7BDEE /* Sources */,
				3F36AD602954E0F400E7BDEE /* Frameworks */,
				3F36AD612954E0F400E7BDEE /* Resources */,
			);
			buildRules = (
			);
			dependencies = (
			);
			name = FlappyBird;
			productName = FlappyBird;
			productReference = 3F36AD632954E0F400E7BDEE /* FlappyBird.app */;
			productType = "com.apple.product-type.application";
		};
/* End PBXNativeTarget section */

/* Begin PBXProject section */
		3F36AD5B2954E0F400E7BDEE /* Project object */ = {
			isa = PBXProject;
			attributes = {
				BuildIndependentTargetsInParallel = 1;
				LastSwiftUpdateCheck = 1400;
				LastUpgradeCheck = 1400;
				TargetAttributes = {
					3F36AD622954E0F400E7BDEE = {
						CreatedOnToolsVersion = 14.0.1;
					};
				};
			};
			buildConfigurationList = 3F36AD5E2954E0F400E7BDEE /* Build configuration list for PBXProject "FlappyBird" */;
			compatibilityVersion = "Xcode 14.0";
			developmentRegion = en;
			hasScannedForEncodings = 0;
			knownRegions = (
				en,
				Base,
			);
			mainGroup = 3F36AD5A2954E0F400E7BDEE;
			productRefGroup = 3F36AD642954E0F400E7BDEE /* Products */;
			projectDirPath = "";
			projectRoot = "";
			targets = (
				3F36AD622954E0F400E7BDEE /* FlappyBird */,
			);
		};
/* End PBXProject section */

/* Begin PBXResourcesBuildPhase section */
		3F36AD612954E0F400E7BDEE /* Resources */ = {
			isa = PBXResourcesBuildPhase;
			buildActionMask = 2147483647;
			files = (
				3F36AD722954E0F400E7BDEE /* Main.storyboard in Resources */,
				3F36AD692954E0F400E7BDEE /* GameScene.sks in Resources */,
				3F36AD742954E0F500E7BDEE /* Assets.xcassets in Resources */,
				3F8CDBC52956172B00C8EA18 /* wing.wav in Resources */,
				3F36AD772954E0F500E7BDEE /* LaunchScreen.storyboard in Resources */,
				3F8CDBBF2956171600C8EA18 /* hit.wav in Resources */,
				3F36AD6B2954E0F400E7BDEE /* Actions.sks in Resources */,
				3F8CDBC12956172200C8EA18 /* point.wav in Resources */,
			);
			runOnlyForDeploymentPostprocessing = 0;
		};
/* End PBXResourcesBuildPhase section */

/* Begin PBXSourcesBuildPhase section */
		3F36AD5F2954E0F400E7BDEE /* Sources */ = {
			isa = PBXSourcesBuildPhase;
			buildActionMask = 2147483647;
			files = (
				3F8CDBC92956226C00C8EA18 /* GameOverScene.swift in Sources */,
				3F36AD6D2954E0F400E7BDEE /* GameScene.swift in Sources */,
				3F36AD6F2954E0F400E7BDEE /* GameViewController.swift in Sources */,
				3F36AD672954E0F400E7BDEE /* AppDelegate.swift in Sources */,
			);
			runOnlyForDeploymentPostprocessing = 0;
		};
/* End PBXSourcesBuildPhase section */

/* Begin PBXVariantGroup section */
		3F36AD702954E0F400E7BDEE /* Main.storyboard */ = {
			isa = PBXVariantGroup;
			children = (
				3F36AD712954E0F400E7BDEE /* Base */,
			);
			name = Main.storyboard;
			sourceTree = "<group>";
		};
		3F36AD752954E0F500E7BDEE /* LaunchScreen.storyboard */ = {
			isa = PBXVariantGroup;
			children = (
				3F36AD762954E0F500E7BDEE /* Base */,
			);
			name = LaunchScreen.storyboard;
			sourceTree = "<group>";
		};
/* End PBXVariantGroup section */

/* Begin XCBuildConfiguration section */
		3F36AD782954E0F500E7BDEE /* Debug */ = {
			isa = XCBuildConfiguration;
			buildSettings = {
				ALWAYS_SEARCH_USER_PATHS = NO;
				CLANG_ANALYZER_NONNULL = YES;
				CLANG_ANALYZER_NUMBER_OBJECT_CONVERSION = YES_AGGRESSIVE;
				CLANG_CXX_LANGUAGE_STANDARD = "gnu++20";
				CLANG_ENABLE_MODULES = YES;
				CLANG_ENABLE_OBJC_ARC = YES;
				CLANG_ENABLE_OBJC_WEAK = YES;
				CLANG_WARN_BLOCK_CAPTURE_AUTORELEASING = YES;
				CLANG_WARN_BOOL_CONVERSION = YES;
				CLANG_WARN_COMMA = YES;
				CLANG_WARN_CONSTANT_CONVERSION = YES;
				CLANG_WARN_DEPRECATED_OBJC_IMPLEMENTATIONS = YES;
				CLANG_WARN_DIRECT_OBJC_ISA_USAGE = YES_ERROR;
				CLANG_WARN_DOCUMENTATION_COMMENTS = YES;
				CLANG_WARN_EMPTY_BODY = YES;
				CLANG_WARN_ENUM_CONVERSION = YES;
				CLANG_WARN_INFINITE_RECURSION = YES;
				CLANG_WARN_INT_CONVERSION = YES;
				CLANG_WARN_NON_LITERAL_NULL_CONVERSION = YES;
				CLANG_WARN_OBJC_IMPLICIT_RETAIN_SELF = YES;
				CLANG_WARN_OBJC_LITERAL_CONVERSION = YES;
				CLANG_WARN_OBJC_ROOT_CLASS = YES_ERROR;
				CLANG_WARN_QUOTED_INCLUDE_IN_FRAMEWORK_HEADER = YES;
				CLANG_WARN_RANGE_LOOP_ANALYSIS = YES;
				CLANG_WARN_STRICT_PROTOTYPES = YES;
				CLANG_WARN_SUSPICIOUS_MOVE = YES;
				CLANG_WARN_UNGUARDED_AVAILABILITY = YES_AGGRESSIVE;
				CLANG_WARN_UNREACHABLE_CODE = YES;
				CLANG_WARN__DUPLICATE_METHOD_MATCH = YES;
				COPY_PHASE_STRIP = NO;
				DEBUG_INFORMATION_FORMAT = dwarf;
				ENABLE_STRICT_OBJC_MSGSEND = YES;
				ENABLE_TESTABILITY = YES;
				GCC_C_LANGUAGE_STANDARD = gnu11;
				GCC_DYNAMIC_NO_PIC = NO;
				GCC_NO_COMMON_BLOCKS = YES;
				GCC_OPTIMIZATION_LEVEL = 0;
				GCC_PREPROCESSOR_DEFINITIONS = (
					"DEBUG=1",
					"$(inherited)",
				);
				GCC_WARN_64_TO_32_BIT_CONVERSION = YES;
				GCC_WARN_ABOUT_RETURN_TYPE = YES_ERROR;
				GCC_WARN_UNDECLARED_SELECTOR = YES;
				GCC_WARN_UNINITIALIZED_AUTOS = YES_AGGRESSIVE;
				GCC_WARN_UNUSED_FUNCTION = YES;
				GCC_WARN_UNUSED_VARIABLE = YES;
				IPHONEOS_DEPLOYMENT_TARGET = 16.0;
				MTL_ENABLE_DEBUG_INFO = INCLUDE_SOURCE;
				MTL_FAST_MATH = YES;
				ONLY_ACTIVE_ARCH = YES;
				SDKROOT = iphoneos;
				SWIFT_ACTIVE_COMPILATION_CONDITIONS = DEBUG;
				SWIFT_OPTIMIZATION_LEVEL = "-Onone";
			};
			name = Debug;
		};
		3F36AD792954E0F500E7BDEE /* Release */ = {
			isa = XCBuildConfiguration;
			buildSettings = {
				ALWAYS_SEARCH_USER_PATHS = NO;
				CLANG_ANALYZER_NONNULL = YES;
				CLANG_ANALYZER_NUMBER_OBJECT_CONVERSION = YES_AGGRESSIVE;
				CLANG_CXX_LANGUAGE_STANDARD = "gnu++20";
				CLANG_ENABLE_MODULES = YES;
				CLANG_ENABLE_OBJC_ARC = YES;
				CLANG_ENABLE_OBJC_WEAK = YES;
				CLANG_WARN_BLOCK_CAPTURE_AUTORELEASING = YES;
				CLANG_WARN_BOOL_CONVERSION = YES;
				CLANG_WARN_COMMA = YES;
				CLANG_WARN_CONSTANT_CONVERSION = YES;
				CLANG_WARN_DEPRECATED_OBJC_IMPLEMENTATIONS = YES;
				CLANG_WARN_DIRECT_OBJC_ISA_USAGE = YES_ERROR;
				CLANG_WARN_DOCUMENTATION_COMMENTS = YES;
				CLANG_WARN_EMPTY_BODY = YES;
				CLANG_WARN_ENUM_CONVERSION = YES;
				CLANG_WARN_INFINITE_RECURSION = YES;
				CLANG_WARN_INT_CONVERSION = YES;
				CLANG_WARN_NON_LITERAL_NULL_CONVERSION = YES;
				CLANG_WARN_OBJC_IMPLICIT_RETAIN_SELF = YES;
				CLANG_WARN_OBJC_LITERAL_CONVERSION = YES;
				CLANG_WARN_OBJC_ROOT_CLASS = YES_ERROR;
				CLANG_WARN_QUOTED_INCLUDE_IN_FRAMEWORK_HEADER = YES;
				CLANG_WARN_RANGE_LOOP_ANALYSIS = YES;
				CLANG_WARN_STRICT_PROTOTYPES = YES;
				CLANG_WARN_SUSPICIOUS_MOVE = YES;
				CLANG_WARN_UNGUARDED_AVAILABILITY = YES_AGGRESSIVE;
				CLANG_WARN_UNREACHABLE_CODE = YES;
				CLANG_WARN__DUPLICATE_METHOD_MATCH = YES;
				COPY_PHASE_STRIP = NO;
				DEBUG_INFORMATION_FORMAT = "dwarf-with-dsym";
				ENABLE_NS_ASSERTIONS = NO;
				ENABLE_STRICT_OBJC_MSGSEND = YES;
				GCC_C_LANGUAGE_STANDARD = gnu11;
				GCC_NO_COMMON_BLOCKS = YES;
				GCC_WARN_64_TO_32_BIT_CONVERSION = YES;
				GCC_WARN_ABOUT_RETURN_TYPE = YES_ERROR;
				GCC_WARN_UNDECLARED_SELECTOR = YES;
				GCC_WARN_UNINITIALIZED_AUTOS = YES_AGGRESSIVE;
				GCC_WARN_UNUSED_FUNCTION = YES;
				GCC_WARN_UNUSED_VARIABLE = YES;
				IPHONEOS_DEPLOYMENT_TARGET = 16.0;
				MTL_ENABLE_DEBUG_INFO = NO;
				MTL_FAST_MATH = YES;
				SDKROOT = iphoneos;
				SWIFT_COMPILATION_MODE = wholemodule;
				SWIFT_OPTIMIZATION_LEVEL = "-O";
				VALIDATE_PRODUCT = YES;
			};
			name = Release;
		};
		3F36AD7B2954E0F500E7BDEE /* Debug */ = {
			isa = XCBuildConfiguration;
			buildSettings = {
				ASSETCATALOG_COMPILER_APPICON_NAME = AppIcon;
				ASSETCATALOG_COMPILER_GLOBAL_ACCENT_COLOR_NAME = AccentColor;
				CODE_SIGN_STYLE = Automatic;
				CURRENT_PROJECT_VERSION = 1;
				DEVELOPMENT_TEAM = R6Y2DR5795;
				GENERATE_INFOPLIST_FILE = YES;
				INFOPLIST_KEY_UIApplicationSupportsIndirectInputEvents = YES;
				INFOPLIST_KEY_UILaunchStoryboardName = LaunchScreen;
				INFOPLIST_KEY_UIMainStoryboardFile = Main;
				INFOPLIST_KEY_UIStatusBarHidden = YES;
				INFOPLIST_KEY_UISupportedInterfaceOrientations_iPad = "UIInterfaceOrientationPortrait UIInterfaceOrientationPortraitUpsideDown UIInterfaceOrientationLandscapeLeft UIInterfaceOrientationLandscapeRight";
				INFOPLIST_KEY_UISupportedInterfaceOrientations_iPhone = "UIInterfaceOrientationPortrait UIInterfaceOrientationLandscapeLeft UIInterfaceOrientationLandscapeRight";
				LD_RUNPATH_SEARCH_PATHS = (
					"$(inherited)",
					"@executable_path/Frameworks",
				);
				MARKETING_VERSION = 1.0;
				PRODUCT_BUNDLE_IDENTIFIER = com.Denisenko.FlappyBird;
				PRODUCT_NAME = "$(TARGET_NAME)";
				SWIFT_EMIT_LOC_STRINGS = YES;
				SWIFT_VERSION = 5.0;
				TARGETED_DEVICE_FAMILY = "1,2";
			};
			name = Debug;
		};
		3F36AD7C2954E0F500E7BDEE /* Release */ = {
			isa = XCBuildConfiguration;
			buildSettings = {
				ASSETCATALOG_COMPILER_APPICON_NAME = AppIcon;
				ASSETCATALOG_COMPILER_GLOBAL_ACCENT_COLOR_NAME = AccentColor;
				CODE_SIGN_STYLE = Automatic;
				CURRENT_PROJECT_VERSION = 1;
				DEVELOPMENT_TEAM = R6Y2DR5795;
				GENERATE_INFOPLIST_FILE = YES;
				INFOPLIST_KEY_UIApplicationSupportsIndirectInputEvents = YES;
				INFOPLIST_KEY_UILaunchStoryboardName = LaunchScreen;
				INFOPLIST_KEY_UIMainStoryboardFile = Main;
				INFOPLIST_KEY_UIStatusBarHidden = YES;
				INFOPLIST_KEY_UISupportedInterfaceOrientations_iPad = "UIInterfaceOrientationPortrait UIInterfaceOrientationPortraitUpsideDown UIInterfaceOrientationLandscapeLeft UIInterfaceOrientationLandscapeRight";
				INFOPLIST_KEY_UISupportedInterfaceOrientations_iPhone = "UIInterfaceOrientationPortrait UIInterfaceOrientationLandscapeLeft UIInterfaceOrientationLandscapeRight";
				LD_RUNPATH_SEARCH_PATHS = (
					"$(inherited)",
					"@executable_path/Frameworks",
				);
				MARKETING_VERSION = 1.0;
				PRODUCT_BUNDLE_IDENTIFIER = com.Denisenko.FlappyBird;
				PRODUCT_NAME = "$(TARGET_NAME)";
				SWIFT_EMIT_LOC_STRINGS = YES;
				SWIFT_VERSION = 5.0;
				TARGETED_DEVICE_FAMILY = "1,2";
			};
			name = Release;
		};
/* End XCBuildConfiguration section */

/* Begin XCConfigurationList section */
		3F36AD5E2954E0F400E7BDEE /* Build configuration list for PBXProject "FlappyBird" */ = {
			isa = XCConfigurationList;
			buildConfigurations = (
				3F36AD782954E0F500E7BDEE /* Debug */,
				3F36AD792954E0F500E7BDEE /* Release */,
			);
			defaultConfigurationIsVisible = 0;
			defaultConfigurationName = Release;
		};
		3F36AD7A2954E0F500E7BDEE /* Build configuration list for PBXNativeTarget "FlappyBird" */ = {
			isa = XCConfigurationList;
			buildConfigurations = (
				3F36AD7B2954E0F500E7BDEE /* Debug */,
				3F36AD7C2954E0F500E7BDEE /* Release */,
			);
			defaultConfigurationIsVisible = 0;
			defaultConfigurationName = Release;
		};
/* End XCConfigurationList section */
	};
	rootObject = 3F36AD5B2954E0F400E7BDEE /* Project object */;
}
